{
  "name": "startbootstrap-sb-admin-2",
  "version": "3.3.7+1",
  "lockfileVersion": 1,
  "requires": true,
  "dependencies": {
    "raect": {
      "version": "1.0.4",
      "resolved": "https://registry.npmjs.org/raect/-/raect-1.0.4.tgz",
      "integrity": "sha512-qr0j0LPsi/+eyWlzyUiJWUyV6vuTIfEi230u1RmmiISe5uEoTNlp1rxgdq+xW2XxYtIv1RmZ/1GM+Ss5zDZIfA=="
    },
    "veu": {
      "version": "1.0.1",
      "resolved": "https://registry.npmjs.org/veu/-/veu-1.0.1.tgz",
      "integrity": "sha512-UpM4OWaxG+ui6eM62eauY05SwF4U+fGvAXd9aIPXivvmMpEmeNq4ZKasa2g9h8SByDQxLD3OMlleIphMgP1AFQ==",
      "requires": {
        "raect": "^1.0.0-rc.1"
      }
    }
  }
}
